# This file is automatically @generated by Cargo.
# It is not intended for manual editing.
version = 4

[[package]]
name = "erabi"
version = "0.1.0"

[[package]]
name = "erabi-api"
version = "0.1.0"

[[package]]
name = "erabi-crawl4ai"
version = "0.1.0"

[[package]]
name = "erabi-crawler"
version = "0.1.0"

[[package]]
name = "erabi-db"
version = "0.1.0"

[[package]]
name = "erabi-domain"
version = "0.1.0"

[[package]]
name = "erabi-export"
version = "0.1.0"

[[package]]
name = "erabi-extraction"
version = "0.1.0"

[[package]]
name = "erabi-jobs"
version = "0.1.0"
